
Microsoft Visual Studio Solution File, Format Version 12.00
# Visual Studio Version 17
VisualStudioVersion = 17.1.32421.90
MinimumVisualStudioVersion = 10.0.40219.1
Project("{FAE04EC0-301F-11D3-BF4B-00C04F79EFBC}") = "ConsoleApp2", "ConsoleApp2\ConsoleApp2.csproj", "{CF0CF093-318E-4688-BF20-5A96EC6374F2}"
EndProject
Global
	GlobalSection(SolutionConfigurationPlatforms) = preSolution
		Debug|Any CPU = Debug|Any CPU
		Release|Any CPU = Release|Any CPU
	EndGlobalSection
	GlobalSection(ProjectConfigurationPlatforms) = postSolution
		{CF0CF093-318E-4688-BF20-5A96EC6374F2}.Debug|Any CPU.ActiveCfg = Debug|Any CPU
		{CF0CF093-318E-4688-BF20-5A96EC6374F2}.Debug|Any CPU.Build.0 = Debug|Any CPU
		{CF0CF093-318E-4688-BF20-5A96EC6374F2}.Release|Any CPU.ActiveCfg = Release|Any CPU
		{CF0CF093-318E-4688-BF20-5A96EC6374F2}.Release|Any CPU.Build.0 = Release|Any CPU
	EndGlobalSection
	GlobalSection(SolutionProperties) = preSolution
		HideSolutionNode = FALSE
	EndGlobalSection
	GlobalSection(ExtensibilityGlobals) = postSolution
		SolutionGuid = {C8C6B643-5415-4E55-8119-C67E7A7A5D4D}
	EndGlobalSection
EndGlobal
