
Microsoft Visual Studio Solution File, Format Version 12.00
# Visual Studio Version 17
VisualStudioVersion = 17.1.32421.90
MinimumVisualStudioVersion = 10.0.40219.1
Project("{FAE04EC0-301F-11D3-BF4B-00C04F79EFBC}") = "delegates", "delegates\delegates.csproj", "{B83D955F-329E-46D4-B6EA-B272CE13EAC9}"
EndProject
Global
	GlobalSection(SolutionConfigurationPlatforms) = preSolution
		Debug|Any CPU = Debug|Any CPU
		Release|Any CPU = Release|Any CPU
	EndGlobalSection
	GlobalSection(ProjectConfigurationPlatforms) = postSolution
		{B83D955F-329E-46D4-B6EA-B272CE13EAC9}.Debug|Any CPU.ActiveCfg = Debug|Any CPU
		{B83D955F-329E-46D4-B6EA-B272CE13EAC9}.Debug|Any CPU.Build.0 = Debug|Any CPU
		{B83D955F-329E-46D4-B6EA-B272CE13EAC9}.Release|Any CPU.ActiveCfg = Release|Any CPU
		{B83D955F-329E-46D4-B6EA-B272CE13EAC9}.Release|Any CPU.Build.0 = Release|Any CPU
	EndGlobalSection
	GlobalSection(SolutionProperties) = preSolution
		HideSolutionNode = FALSE
	EndGlobalSection
	GlobalSection(ExtensibilityGlobals) = postSolution
		SolutionGuid = {2B5B2DC7-D274-4EE6-941E-C60F64F631AA}
	EndGlobalSection
EndGlobal
